dependencies:
  '@slate-editor/alignment-plugin': link:../../libs/editor/packages/slate-editor-alignment-plugin
  '@slate-editor/bold-plugin': 5.1.0
  '@slate-editor/color-plugin': link:../../libs/editor/packages/slate-editor-color-plugin
  '@slate-editor/embed-plugin': link:../../libs/editor/packages/slate-editor-embed-plugin
  '@slate-editor/font-family-plugin': link:../../libs/editor/packages/slate-editor-font-family-plugin
  '@slate-editor/font-size-plugin': link:../../libs/editor/packages/slate-editor-font-size-plugin
  '@slate-editor/grid-plugin': link:../../libs/editor/packages/slate-editor-grid-plugin
  '@slate-editor/image-plugin': 5.1.1
  '@slate-editor/italic-plugin': 5.1.0
  '@slate-editor/link-plugin': link:../../libs/editor/packages/slate-editor-link-plugin
  '@slate-editor/list-plugin': link:../../libs/editor/packages/slate-editor-list-plugin
  '@slate-editor/state-logger': 5.1.0
  '@slate-editor/strikethrough-plugin': 5.1.0
  '@slate-editor/toggle-readonly': 5.1.0
  '@slate-editor/underline-plugin': 5.1.0
  '@types/lodash': 4.14.168
  slate-editor: 5.1.1
lockfileVersion: 5.2
packages:
  /@icons/material/0.2.4_react@16.14.0:
    dependencies:
      react: 16.14.0
    dev: false
    peerDependencies:
      react: '*'
    resolution:
      integrity: sha512-QPcGmICAPbGLGb6F/yNf/KzKqvFx8z5qx3D1yFqVAjoFmXK35EgyW+cJ57Te3CNsmzblwtzakLGFqHPqrfb4Tw==
  /@slate-editor/alignment-plugin/5.1.0:
    dependencies:
      '@slate-editor/components': 5.1.0
      classnames: 2.2.6
      exenv: 1.2.2
      react: 16.14.0
      react-fontawesome: 1.7.1_react@16.14.0
    dev: false
    resolution:
      integrity: sha512-bQrwVotp6ryZBgJOT7EY/OxDiD6Esy3G/2p/Q9fGhr7zo8vNnqPksaTESmzch6Hgck6bdXXXK2GPMI8VRxmQoA==
  /@slate-editor/bold-plugin/5.1.0:
    dependencies:
      '@slate-editor/utils': 5.1.0
      classnames: 2.2.6
      react: 16.14.0
      react-fontawesome: 1.7.1_react@16.14.0
    dev: false
    resolution:
      integrity: sha512-18ppqv813jEAsYXVuYopLis0DwLc5pkdprttUpvYdk9X8YviiEFYdx/M6csvQI49zKlpkmA5nPjeJvAhA2P4rw==
  /@slate-editor/color-plugin/5.1.0:
    dependencies:
      '@slate-editor/components': 5.1.0
      classnames: 2.2.6
      exenv: 1.2.2
      prop-types: 15.7.2
      react: 16.14.0
      react-color: 2.19.3_react@16.14.0
      react-draggable: 3.3.2
      react-fontawesome: 1.7.1_react@16.14.0
    dev: false
    resolution:
      integrity: sha512-c6PCXOkdjP8TrQdryQzRVWklFr5sS5TqfOvpbpkpixoygqN4TyBH/8fhhJHScnVKy8/nzSIH27HuP5c1EbOkqw==
  /@slate-editor/components/5.1.0:
    dependencies:
      '@slate-editor/utils': 5.1.0
      classnames: 2.2.6
      exenv: 1.2.2
      react: 16.14.0
    dev: false
    resolution:
      integrity: sha512-M+Qbgw6MXBGOwTFZtA1b+C1mX9TOaSjePXkFguO4cJAsmPAUKDESDxAd9j+3IbAElFv5rieMcknSKtyk20/d9A==
  /@slate-editor/embed-plugin/5.1.0:
    dependencies:
      '@slate-editor/components': 5.1.0
      '@slate-editor/utils': 5.1.0
      classnames: 2.2.6
      exenv: 1.2.2
      react: 16.14.0
      react-fontawesome: 1.7.1_react@16.14.0
    dev: false
    resolution:
      integrity: sha512-cF5ieN+mKs8vSv3j/XaccmGPL3nm9/jlsTqQo0UDUSr2nCVcIKCb2PKObsELW0r0Tg/ISIPSkBcIHcuAG/oVZw==
  /@slate-editor/font-family-plugin/5.1.0:
    dependencies:
      '@slate-editor/utils': 5.1.0
      classnames: 2.2.6
      react: 16.14.0
    dev: false
    resolution:
      integrity: sha512-R+HL7mIOMLxsqZypNKqOzPcFRmSnZHRSyYij4yemM8EVaDIDlmnZpqPdVDcjODMAjIc6jIA2XFCYogbKFmy+0A==
  /@slate-editor/font-size-plugin/5.1.0:
    dependencies:
      '@slate-editor/utils': 5.1.0
      classnames: 2.2.6
      exenv: 1.2.2
      react: 16.14.0
    dev: false
    resolution:
      integrity: sha512-fVVAKOvk91YtWBwVRybpHCfVqKDMD0GOX5ETg19QYqFGBVAoKCTfeJZR7h8MTxhT6XLWyLZJJw9mTfxk79Hcnw==
  /@slate-editor/grid-plugin/5.1.0:
    dependencies:
      '@slate-editor/components': 5.1.0
      classnames: 2.2.6
      exenv: 1.2.2
      react: 16.14.0
      react-fontawesome: 1.7.1_react@16.14.0
    dev: false
    resolution:
      integrity: sha512-ZcEAGoG5obvMdhe0Ry00zP8uSm80M/B8oUX4Q2xWI90pV6QPn9mrAINjJ7ejiRmWDf65hLHfD7fmz+c5bZWQLQ==
  /@slate-editor/image-plugin/5.1.1:
    dependencies:
      '@slate-editor/components': 5.1.0
      '@slate-editor/utils': 5.1.0
      classnames: 2.2.6
      exenv: 1.2.2
      react: 16.14.0
      react-dom: 16.14.0_react@16.14.0
      react-fontawesome: 1.7.1_react@16.14.0
      react-s3-uploader: 4.9.3
    dev: false
    resolution:
      integrity: sha512-Gjq1d3pxezHcJrFvALYsEq+NwUV9oSJMxTQL0y8w5qkdR9H+nQg9UOrxJn6Gfn05bVLvx52QLI7/Q49tIBMdzw==
  /@slate-editor/italic-plugin/5.1.0:
    dependencies:
      '@slate-editor/components': 5.1.0
      '@slate-editor/utils': 5.1.0
      classnames: 2.2.6
      react: 16.14.0
      react-fontawesome: 1.7.1_react@16.14.0
    dev: false
    resolution:
      integrity: sha512-4edX9hwvK+rXBMMgDWw3AbEb4zSWc4Gb/E59+WLbwQN7mCxRV13+Fbt/aXGY3EIOzyGOIeaEFQe8u1J2EDl40Q==
  /@slate-editor/link-plugin/5.1.0:
    dependencies:
      '@slate-editor/components': 5.1.0
      '@slate-editor/utils': 5.1.0
      classnames: 2.2.6
      exenv: 1.2.2
      react: 16.14.0
      react-fontawesome: 1.7.1_react@16.14.0
    dev: false
    resolution:
      integrity: sha512-XzM2ukJq6D2hFEg1dR6FtgA5keZ2NFaekwTzGub086svZPMwTnzWtAsVn0x7xGXMUupX34RM3RnDdhGOqLdiNw==
  /@slate-editor/list-plugin/5.1.0:
    dependencies:
      '@slate-editor/components': 5.1.0
      classnames: 2.2.6
      exenv: 1.2.2
      react: 16.14.0
      react-fontawesome: 1.7.1_react@16.14.0
    dev: false
    resolution:
      integrity: sha512-nuZ13CSRpF2xnzuR25y+U6TsJ2wRmjKrNT7GIaYDemLXahlVMYqjR6u4eO3o4VfYjGQH5zEGfnp88LqaK9nFZw==
  /@slate-editor/state-logger/5.1.0:
    dependencies:
      '@slate-editor/components': 5.1.0
      json-beautify: 1.1.1
      react: 16.14.0
      react-fontawesome: 1.7.1_react@16.14.0
    dev: false
    resolution:
      integrity: sha512-g+zDQUw5/h08qHh4yiNxX5uNvF0pdQYoh4H37B8UAHnmKwgeNplwXpGZl1uJTmhX4Jo9CFhRoMYNOrplcg1q3w==
  /@slate-editor/strikethrough-plugin/5.1.0:
    dependencies:
      '@slate-editor/components': 5.1.0
      classnames: 2.2.6
      react: 16.14.0
      react-fontawesome: 1.7.1_react@16.14.0
    dev: false
    resolution:
      integrity: sha512-9hktr0CMXRth2uoq9iGfxSbiLXPwlxzlsJXkLKSjgKaYjLHeKUUi5qhTr3U6EVJxWgGV649R1BfAPCQrEjlt5Q==
  /@slate-editor/toggle-readonly/5.1.0:
    dependencies:
      '@slate-editor/components': 5.1.0
      react: 16.14.0
      react-fontawesome: 1.7.1_react@16.14.0
    dev: false
    resolution:
      integrity: sha512-CH+RyJEI09W2maK4G8j0HcPWJLsMDlDwMIDWIv64CU437OZzCsOGBZzxOdR81Kybn7iu51ZQyM7aDLu6HHKZdQ==
  /@slate-editor/underline-plugin/5.1.0:
    dependencies:
      '@slate-editor/components': 5.1.0
      '@slate-editor/utils': 5.1.0
      classnames: 2.2.6
      react: 16.14.0
      react-fontawesome: 1.7.1_react@16.14.0
    dev: false
    resolution:
      integrity: sha512-+f/fV34KsdcOUuXOfc2sMCb4RpS01MX8crNWgmncfwu7M7p3iW7GURK8ei7bcZ9bsEMQWqR/laujnayP846VaQ==
  /@slate-editor/utils/5.1.0:
    dependencies:
      react: 16.14.0
    dev: false
    resolution:
      integrity: sha512-lVv9DfqCRV0alLnPH8N+tZUhu8UNEKlaRkiwVDVV2Z54LDHVuKGC0yFxMKRQOeex2n2S2cbTXrB8I7YOnBqhHw==
  /@types/lodash/4.14.168:
    dev: false
    resolution:
      integrity: sha512-oVfRvqHV/V6D1yifJbVRU3TMp8OT6o6BG+U9MkwuJ3U8/CsDHvalRpsxBqivn71ztOFZBTfJMvETbqHiaNSj7Q==
  /aws-sdk/2.857.0:
    dependencies:
      buffer: 4.9.2
      events: 1.1.1
      ieee754: 1.1.13
      jmespath: 0.15.0
      querystring: 0.2.0
      sax: 1.2.1
      url: 0.10.3
      uuid: 3.3.2
      xml2js: 0.4.19
    dev: false
    engines:
      node: '>= 0.8.0'
    resolution:
      integrity: sha512-GIdknKB08AKe4tL6T9kMWv2RZUAI044Z/PkJ0bd5thqDnct8AhEusIO0bpoQdM8RBWgjlB0AUBHroI7AdEnX8g==
  /base64-js/1.5.1:
    dev: false
    resolution:
      integrity: sha512-AKpaYlHn8t4SVbOHCy+b5+KKgvR4vrsD8vbvrbiQJps7fKDTkjkDry6ji0rUJjC0kzbNePLwzxq8iypo41qeWA==
  /buffer/4.9.2:
    dependencies:
      base64-js: 1.5.1
      ieee754: 1.1.13
      isarray: 1.0.0
    dev: false
    resolution:
      integrity: sha512-xq+q3SRMOxGivLhBNaUdC64hDTQwejJ+H0T/NB1XMtTVEwNTrfFF3gAxiyW0Bu/xWEGhjVKgUcMhCrUy2+uCWg==
  /classnames/2.2.6:
    dev: false
    resolution:
      integrity: sha512-JR/iSQOSt+LQIWwrwEzJ9uk0xfN3mTVYMwt1Ir5mUcSN6pU+V4zQFFaJsclJbPuAUQH+yfWef6tm7l1quW3C8Q==
  /create-react-class/15.7.0:
    dependencies:
      loose-envify: 1.4.0
      object-assign: 4.1.1
    dev: false
    resolution:
      integrity: sha512-QZv4sFWG9S5RUvkTYWbflxeZX+JG7Cz0Tn33rQBJ+WFQTqTfUTjMjiv9tnfXazjsO5r0KhPs+AqCjyrQX6h2ng==
  /debug/3.2.7:
    dependencies:
      ms: 2.1.3
    dev: false
    resolution:
      integrity: sha512-CFjzYYAi4ThfiQvizrFQevTTXHtnCqWfe7x1AhgEscTz6ZbLbfoLRLPugTQyBth6f8ZERVUSyWHFD/7Wu4t1XQ==
  /direction/0.1.5:
    dev: false
    hasBin: true
    resolution:
      integrity: sha1-zl15f5fib4vnvv9T99xA4cGp7Ew=
  /esrever/0.2.0:
    dev: false
    hasBin: true
    resolution:
      integrity: sha1-lunSj08bGnZ4TNXUkOquAQ50B7g=
  /events/1.1.1:
    dev: false
    engines:
      node: '>=0.4.x'
    resolution:
      integrity: sha1-nr23Y1rQmccNzEwqH1AEKI6L2SQ=
  /exenv/1.2.2:
    dev: false
    resolution:
      integrity: sha1-KueOhdmJQVhnCwPUe+wfA72Ru50=
  /get-document/1.0.0:
    dev: false
    resolution:
      integrity: sha1-SCG85m8cJMsDMWAr5strEsTwHEs=
  /get-window/1.1.2:
    dependencies:
      get-document: 1.0.0
    dev: false
    resolution:
      integrity: sha512-yjWpFcy9fjhLQHW1dPtg9ga4pmizLY8y4ZSHdGrAQ1NU277MRhnGnnLPxe19X8W5lWVsCZz++5xEuNozWMVmTw==
  /ieee754/1.1.13:
    dev: false
    resolution:
      integrity: sha512-4vf7I2LYV/HaWerSo3XmlMkp5eZ83i+/CDluXi/IGTs/O1sejBNhTtnxzmRZfvOUqj7lZjqHkeTvpgSFDlWZTg==
  /immutable/3.8.2:
    dev: false
    engines:
      node: '>=0.10.0'
    resolution:
      integrity: sha1-wkOZUUVbs5kT2vKBN28VMOEErfM=
  /invariant/2.2.4:
    dependencies:
      loose-envify: 1.4.0
    dev: false
    resolution:
      integrity: sha512-phJfQVBuaJM5raOpJjSfkiD6BpbCE4Ns//LaXl6wGYtUBY83nWS6Rf9tXm2e8VaK60JEjYldbPif/A2B1C2gNA==
  /is-hotkey/0.1.4:
    dev: false
    resolution:
      integrity: sha512-Py+aW4r5mBBY18TGzGz286/gKS+fCQ0Hee3qkaiSmEPiD0PqFpe0wuA3l7rTOUKyeXl8Mxf3XzJxIoTlSv+kxA==
  /is-in-browser/1.1.3:
    dev: false
    resolution:
      integrity: sha1-Vv9NtoOgeMYILrldrX3GLh0E+DU=
  /is-plain-object/2.0.4:
    dependencies:
      isobject: 3.0.1
    dev: false
    engines:
      node: '>=0.10.0'
    resolution:
      integrity: sha512-h5PpgXkWitc38BBMYawTYMWJHFZJVnBquFE57xFpjB8pJFiF6gZ+bU+WyI/yqXiFR5mdLsgYNaPe8uao6Uv9Og==
  /is-window/1.0.2:
    dev: false
    resolution:
      integrity: sha1-LIlspT25feRdPDMTOmXYyfVjSA0=
  /isarray/1.0.0:
    dev: false
    resolution:
      integrity: sha1-u5NdSFgsuhaMBoNJV6VKPgcSTxE=
  /isobject/3.0.1:
    dev: false
    engines:
      node: '>=0.10.0'
    resolution:
      integrity: sha1-TkMekrEalzFjaqH5yNHMvP2reN8=
  /isomorphic-base64/1.0.2:
    dev: false
    resolution:
      integrity: sha1-9Caq6CVpuopOxcpzrSGkSrHueAM=
  /jmespath/0.15.0:
    dev: false
    engines:
      node: '>= 0.6.0'
    resolution:
      integrity: sha1-o/Iiqarp+Wb10nx5ZRDigJF2Qhc=
  /js-tokens/4.0.0:
    dev: false
    resolution:
      integrity: sha512-RdJUflcE3cUzKiMqQgsCu06FPu9UdIJO0beYbPhHN4k6apgJtifcoCtT9bcxOpYBtpD2kCM6Sbzg4CausW/PKQ==
  /json-beautify/1.1.1:
    dev: false
    hasBin: true
    resolution:
      integrity: sha512-17j+Hk2lado0xqKtUcyAjK0AtoHnPSIgktWRsEXgdFQFG9UnaGw6CHa0J7xsvulxRpFl6CrkDFHght1p5ZJc4A==
  /lodash-es/4.17.21:
    dev: false
    resolution:
      integrity: sha512-mKnC+QJ9pWVzv+C4/U3rRsHapFfHvQFoFB92e52xeyGMcX6/OlIl78je1u8vePzYZSkkogMPJ2yjxxsb89cxyw==
  /lodash/4.17.21:
    dev: false
    resolution:
      integrity: sha512-v2kDEe57lecTulaDIuNTPy3Ry4gLGJ6Z1O3vE1krgXZNrsQ+LFTGHVxVjcXPs17LhbZVGedAJv8XZ1tvj5FvSg==
  /loose-envify/1.4.0:
    dependencies:
      js-tokens: 4.0.0
    dev: false
    hasBin: true
    resolution:
      integrity: sha512-lyuxPGr/Wfhrlem2CL/UcnUc1zcqKAImBDzukY7Y5F/yQiNdko6+fRLevlw1HgMySw7f611UIY408EtxRSoK3Q==
  /material-colors/1.2.6:
    dev: false
    resolution:
      integrity: sha512-6qE4B9deFBIa9YSpOc9O0Sgc43zTeVYbgDT5veRKSlB2+ZuHNoVVxA1L/ckMUayV9Ay9y7Z/SZCLcGteW9i7bg==
  /memoize-one/4.0.3:
    dev: false
    resolution:
      integrity: sha512-QmpUu4KqDmX0plH4u+tf0riMc1KHE1+lw95cMrLlXQAFOx/xnBtwhZ52XJxd9X2O6kwKBqX32kmhbhlobD0cuw==
  /ms/2.1.3:
    dev: false
    resolution:
      integrity: sha512-6FlzubTLZG3J2a/NVCAleEhjzq5oxgHyaCU9yYXvcLsvoVaHJq/s5xXI6/XXP6tz7R9xAOtHnSO/tXtF3WRTlA==
  /object-assign/2.1.1:
    dev: false
    engines:
      node: '>=0.10.0'
    resolution:
      integrity: sha1-Q8NuXVaf+OSBbE76i+AtJpZ8GKo=
  /object-assign/4.1.1:
    dev: false
    engines:
      node: '>=0.10.0'
    resolution:
      integrity: sha1-IQmtx5ZYh8/AXLvUQsrIv7s2CGM=
  /prop-types/15.7.2:
    dependencies:
      loose-envify: 1.4.0
      object-assign: 4.1.1
      react-is: 16.13.1
    dev: false
    resolution:
      integrity: sha512-8QQikdH7//R2vurIJSutZ1smHYTcLpRWEOlHnzcWHmBYrOGUysKwSsrC89BCiFj3CbrfJ/nXFdJepOVrY1GCHQ==
  /punycode/1.3.2:
    dev: false
    resolution:
      integrity: sha1-llOgNvt8HuQjQvIyXM7v6jkmxI0=
  /querystring/0.2.0:
    dev: false
    engines:
      node: '>=0.4.x'
    resolution:
      integrity: sha1-sgmEkgO7Jd+CDadW50cAWHhSFiA=
  /react-color/2.19.3_react@16.14.0:
    dependencies:
      '@icons/material': 0.2.4_react@16.14.0
      lodash: 4.17.21
      lodash-es: 4.17.21
      material-colors: 1.2.6
      prop-types: 15.7.2
      react: 16.14.0
      reactcss: 1.2.3
      tinycolor2: 1.4.2
    dev: false
    peerDependencies:
      react: '*'
    resolution:
      integrity: sha512-LEeGE/ZzNLIsFWa1TMe8y5VYqr7bibneWmvJwm1pCn/eNmrabWDh659JSPn9BuaMpEfU83WTOJfnCcjDZwNQTA==
  /react-dom/16.14.0_react@16.14.0:
    dependencies:
      loose-envify: 1.4.0
      object-assign: 4.1.1
      prop-types: 15.7.2
      react: 16.14.0
      scheduler: 0.19.1
    dev: false
    peerDependencies:
      react: ^16.14.0
    resolution:
      integrity: sha512-1gCeQXDLoIqMgqD3IO2Ah9bnf0w9kzhwN5q4FGnHZ67hBm9yePzB5JJAIQCc8x3pFnNlwFq4RidZggNAAkzWWw==
  /react-draggable/3.3.2:
    dependencies:
      classnames: 2.2.6
      prop-types: 15.7.2
    dev: false
    resolution:
      integrity: sha512-oaz8a6enjbPtx5qb0oDWxtDNuybOylvto1QLydsXgKmwT7e3GXC2eMVDwEMIUYJIFqVG72XpOv673UuuAq6LhA==
  /react-fontawesome/1.7.1_react@16.14.0:
    dependencies:
      prop-types: 15.7.2
      react: 16.14.0
    dev: false
    engines:
      node: '>=0.10.0'
    peerDependencies:
      react: '>=0.12.0'
    resolution:
      integrity: sha512-kottReWW1I9Uupub6A5YX4VK7qfpFnEjAcm5zB4Aepst7iofONT27GJYdTcRsj7q5uQu9PXBL7GsxAFKANNUVg==
  /react-immutable-proptypes/2.2.0_immutable@3.8.2:
    dependencies:
      immutable: 3.8.2
      invariant: 2.2.4
    dev: false
    peerDependencies:
      immutable: '>=3.6.2'
    resolution:
      integrity: sha512-Vf4gBsePlwdGvSZoLSBfd4HAP93HDauMY4fDjXhreg/vg6F3Fj/MXDNyTbltPC/xZKmZc+cjLu3598DdYK6sgQ==
  /react-is/16.13.1:
    dev: false
    resolution:
      integrity: sha512-24e6ynE2H+OKt4kqsOvNd8kBpV65zoxbA4BVsEOB3ARVWQki/DHzaUoC5KuON/BiccDaCCTZBuOcfZs70kR8bQ==
  /react-s3-uploader/4.9.3:
    dependencies:
      aws-sdk: 2.857.0
      create-react-class: 15.7.0
      object-assign: 2.1.1
      prop-types: 15.7.2
      uuid: 3.4.0
    dev: false
    resolution:
      integrity: sha512-O1zAOzFd29eZSSuGB/sTzWzwNP74q0hIDKn1Y06jPj1QTCylQ5O+JTsE1peYlZN9k9vzslQBJ8YkgsqhYWZ9FA==
  /react/16.14.0:
    dependencies:
      loose-envify: 1.4.0
      object-assign: 4.1.1
      prop-types: 15.7.2
    dev: false
    engines:
      node: '>=0.10.0'
    resolution:
      integrity: sha512-0X2CImDkJGApiAlcf0ODKIneSwBPhqJawOa5wCtKbu7ZECrmS26NvtSILynQ66cgkT/RJ4LidJOc3bUESwmU8g==
  /reactcss/1.2.3:
    dependencies:
      lodash: 4.17.21
    dev: false
    resolution:
      integrity: sha512-KiwVUcFu1RErkI97ywr8nvx8dNOpT03rbnma0SSalTYjkrPYaEajR4a/MRt6DZ46K6arDRbWMNHF+xH7G7n/8A==
  /sax/1.2.1:
    dev: false
    resolution:
      integrity: sha1-e45lYZCyKOgaZq6nSEgNgozS03o=
  /scheduler/0.19.1:
    dependencies:
      loose-envify: 1.4.0
      object-assign: 4.1.1
    dev: false
    resolution:
      integrity: sha512-n/zwRWRYSUj0/3g/otKDRPMh6qv2SYMWNq85IEa8iZyAv8od9zDYpGSnpBEjNgcMNq6Scbu5KfIPxNF72R/2EA==
  /selection-is-backward/1.0.0:
    dev: false
    resolution:
      integrity: sha1-l6VGMxiKURq6ZBn8XB+pG0Z+a+E=
  /slate-base64-serializer/0.2.115_slate@0.41.3:
    dependencies:
      isomorphic-base64: 1.0.2
      slate: 0.41.3_immutable@3.8.2+react@16.14.0
    dev: false
    peerDependencies:
      slate: '>=0.32.0 <0.50.0'
    resolution:
      integrity: sha512-GnLV7bUW/UQ5j7rVIxCU5zdB6NOVsEU6YWsCp68dndIjSGTGLaQv2+WwV3NcnrGGZEYe5qgo33j2QWrPws2C1A==
  /slate-dev-environment/0.2.5:
    dependencies:
      is-in-browser: 1.1.3
    dev: false
    resolution:
      integrity: sha512-oLD8Fclv/RqrDv6RYfN2CRzNcRXsUB99Qgcw5L/njTjxAdDPguV6edQ3DgUG9Q2pLFLhI15DwsKClzVfFzfwGQ==
  /slate-dev-warning/0.0.1:
    dev: false
    resolution:
      integrity: sha512-QdXa+qmOG46VrTfnzn2gUVzs1WiO3Q+zCv3XomzMNGdgAJjCgHBs3jaeQD845h15loS3OJ181gCNAkB3dby6Hw==
  /slate-editor/5.1.1:
    dependencies:
      '@slate-editor/alignment-plugin': 5.1.0
      '@slate-editor/bold-plugin': 5.1.0
      '@slate-editor/color-plugin': 5.1.0
      '@slate-editor/components': 5.1.0
      '@slate-editor/embed-plugin': 5.1.0
      '@slate-editor/font-family-plugin': 5.1.0
      '@slate-editor/font-size-plugin': 5.1.0
      '@slate-editor/grid-plugin': 5.1.0
      '@slate-editor/image-plugin': 5.1.1
      '@slate-editor/italic-plugin': 5.1.0
      '@slate-editor/link-plugin': 5.1.0
      '@slate-editor/list-plugin': 5.1.0
      '@slate-editor/state-logger': 5.1.0
      '@slate-editor/strikethrough-plugin': 5.1.0
      '@slate-editor/toggle-readonly': 5.1.0
      '@slate-editor/underline-plugin': 5.1.0
      '@slate-editor/utils': 5.1.0
      classnames: 2.2.6
      immutable: 3.8.2
      prop-types: 15.7.2
      react: 16.14.0
      slate: 0.41.3_immutable@3.8.2+react@16.14.0
      slate-react: 0.18.11_14d6b13fe0fc387fcbaa6509e3ca8141
    dev: false
    resolution:
      integrity: sha512-L//MISou5GHAhrSX8afT3CtUCd37F7/KHXENWOm5meA1QuZfy1g6wX/YXXJk5IhUPvPbiFwkFeAiwkue8c7FFA==
  /slate-hotkeys/0.2.11:
    dependencies:
      is-hotkey: 0.1.4
      slate-dev-environment: 0.2.5
    dev: false
    resolution:
      integrity: sha512-xhq/TlI74dRbO57O4ulGsvCcV4eaQ5nEEz9noZjeNLtNzFRd6lSgExRqAJqKGGIeJw+FnJ3OcqGvdb5CEc9/Ew==
  /slate-plain-serializer/0.6.39_immutable@3.8.2+slate@0.41.3:
    dependencies:
      immutable: 3.8.2
      slate: 0.41.3_immutable@3.8.2+react@16.14.0
    dev: false
    peerDependencies:
      immutable: '>=3.8.1'
      slate: '>=0.32.0'
    resolution:
      integrity: sha512-EGl+Y+9Fw9IULtPg8sttydaeiAoaibJolMXNfqI79+5GWTQwJFIbg24keKvsTw+3f2RieaPu8fcrKyujKtZ7ZQ==
  /slate-prop-types/0.4.67_immutable@3.8.2+slate@0.41.3:
    dependencies:
      immutable: 3.8.2
      slate: 0.41.3_immutable@3.8.2+react@16.14.0
    dev: false
    peerDependencies:
      immutable: '>=3.8.1'
      slate: '>=0.32.0'
    resolution:
      integrity: sha512-FmdwitAw1Y69JHm326dfwP6Zd6R99jz1Im8jvKcnG2hytk72I1vIv6ct2CkNGwc3sg90+OIO/Rf18frYxxoTzw==
  /slate-react/0.18.11_14d6b13fe0fc387fcbaa6509e3ca8141:
    dependencies:
      debug: 3.2.7
      get-window: 1.1.2
      immutable: 3.8.2
      is-window: 1.0.2
      lodash: 4.17.21
      memoize-one: 4.0.3
      prop-types: 15.7.2
      react: 16.14.0
      react-immutable-proptypes: 2.2.0_immutable@3.8.2
      selection-is-backward: 1.0.0
      slate: 0.41.3_immutable@3.8.2+react@16.14.0
      slate-base64-serializer: 0.2.115_slate@0.41.3
      slate-dev-environment: 0.2.5
      slate-dev-warning: 0.0.1
      slate-hotkeys: 0.2.11
      slate-plain-serializer: 0.6.39_immutable@3.8.2+slate@0.41.3
      slate-prop-types: 0.4.67_immutable@3.8.2+slate@0.41.3
    dev: false
    peerDependencies:
      immutable: '>=3.8.1'
      react: '>=0.14.0'
      react-dom: '>=0.14.0'
      slate: '>=0.37.0'
    resolution:
      integrity: sha512-7u0+LLabGaxjWYb0oTqUDcs3iCvJdaZwcGW6hLc1hFv06KkwaIxAqYpP8dUBRVlQd+0/X0TdyagCmf0IjFSPhg==
  /slate/0.41.3_immutable@3.8.2+react@16.14.0:
    dependencies:
      debug: 3.2.7
      direction: 0.1.5
      esrever: 0.2.0
      immutable: 3.8.2
      is-plain-object: 2.0.4
      lodash: 4.17.21
      react: 16.14.0
      slate-dev-warning: 0.0.1
      type-of: 2.0.1
    dev: false
    peerDependencies:
      immutable: '>=3.8.1'
      react: '>=0.14.0'
    resolution:
      integrity: sha512-I/ymHWRxtoSOWYKh/SFgW3Vkkojt5ywWf7Wh4oBvaKic/3mAsM1wymyZmhnvSKK59IeE0JJzD4uyyQaM1KEFHA==
  /tinycolor2/1.4.2:
    dev: false
    resolution:
      integrity: sha512-vJhccZPs965sV/L2sU4oRQVAos0pQXwsvTLkWYdqJ+a8Q5kPFzJTuOFwy7UniPli44NKQGAglksjvOcpo95aZA==
  /type-of/2.0.1:
    dev: false
    resolution:
      integrity: sha1-5yoXQYllaOn2KDeNgW1pEvfyOXI=
  /url/0.10.3:
    dependencies:
      punycode: 1.3.2
      querystring: 0.2.0
    dev: false
    resolution:
      integrity: sha1-Ah5NnHcF8hu/N9A861h2dAJ3TGQ=
  /uuid/3.3.2:
    dev: false
    hasBin: true
    resolution:
      integrity: sha512-yXJmeNaw3DnnKAOKJE51sL/ZaYfWJRl1pK9dr19YFCu0ObS231AB1/LbqTKRAQ5kw8A90rA6fr4riOUpTZvQZA==
  /uuid/3.4.0:
    dev: false
    hasBin: true
    resolution:
      integrity: sha512-HjSDRw6gZE5JMggctHBcjVak08+KEVhSIiDzFnT9S9aegmp85S/bReBVTb4QTFaRNptJ9kuYaNhnbNEOkbKb/A==
  /xml2js/0.4.19:
    dependencies:
      sax: 1.2.1
      xmlbuilder: 9.0.7
    dev: false
    resolution:
      integrity: sha512-esZnJZJOiJR9wWKMyuvSE1y6Dq5LCuJanqhxslH2bxM6duahNZ+HMpCLhBQGZkbX6xRf8x1Y2eJlgt2q3qo49Q==
  /xmlbuilder/9.0.7:
    dev: false
    engines:
      node: '>=4.0'
    resolution:
      integrity: sha1-Ey7mPS7FVlxVfiD0wi35rKaGsQ0=
specifiers:
  '@slate-editor/alignment-plugin': ^5.1.0
  '@slate-editor/bold-plugin': ^5.1.0
  '@slate-editor/color-plugin': ^5.1.0
  '@slate-editor/embed-plugin': ^5.1.0
  '@slate-editor/font-family-plugin': ^5.1.0
  '@slate-editor/font-size-plugin': ^5.1.0
  '@slate-editor/grid-plugin': ^5.1.0
  '@slate-editor/image-plugin': ^5.1.1
  '@slate-editor/italic-plugin': ^5.1.0
  '@slate-editor/link-plugin': ^5.1.0
  '@slate-editor/list-plugin': ^5.1.0
  '@slate-editor/state-logger': ^5.1.0
  '@slate-editor/strikethrough-plugin': ^5.1.0
  '@slate-editor/toggle-readonly': ^5.1.0
  '@slate-editor/underline-plugin': ^5.1.0
  '@types/lodash': ^4.14.168
  slate-editor: ^5.1.1
